
Microsoft Visual Studio Solution File, Format Version 12.00
# Visual Studio Version 16
VisualStudioVersion = 16.0.30413.136
MinimumVisualStudioVersion = 10.0.40219.1
Project("{FAE04EC0-301F-11D3-BF4B-00C04F79EFBC}") = "EventProgram", "EventProgram\EventProgram.csproj", "{CAD3DBC8-3687-415A-B9B5-DE4E3B688AD7}"
EndProject
Global
	GlobalSection(SolutionConfigurationPlatforms) = preSolution
		Debug|Any CPU = Debug|Any CPU
		Release|Any CPU = Release|Any CPU
	EndGlobalSection
	GlobalSection(ProjectConfigurationPlatforms) = postSolution
		{CAD3DBC8-3687-415A-B9B5-DE4E3B688AD7}.Debug|Any CPU.ActiveCfg = Debug|Any CPU
		{CAD3DBC8-3687-415A-B9B5-DE4E3B688AD7}.Debug|Any CPU.Build.0 = Debug|Any CPU
		{CAD3DBC8-3687-415A-B9B5-DE4E3B688AD7}.Release|Any CPU.ActiveCfg = Release|Any CPU
		{CAD3DBC8-3687-415A-B9B5-DE4E3B688AD7}.Release|Any CPU.Build.0 = Release|Any CPU
	EndGlobalSection
	GlobalSection(SolutionProperties) = preSolution
		HideSolutionNode = FALSE
	EndGlobalSection
	GlobalSection(ExtensibilityGlobals) = postSolution
		SolutionGuid = {7CE29620-4013-45DD-9178-B363CF24D8AD}
	EndGlobalSection
EndGlobal
