
Microsoft Visual Studio Solution File, Format Version 12.00
# Visual Studio Version 16
VisualStudioVersion = 16.0.30413.136
MinimumVisualStudioVersion = 10.0.40219.1
Project("{FAE04EC0-301F-11D3-BF4B-00C04F79EFBC}") = "ConcurrentBag", "ConcurrentBag\ConcurrentBag.csproj", "{9352483C-DE3A-45E3-9A0E-56DAF3DB262E}"
EndProject
Global
	GlobalSection(SolutionConfigurationPlatforms) = preSolution
		Debug|Any CPU = Debug|Any CPU
		Release|Any CPU = Release|Any CPU
	EndGlobalSection
	GlobalSection(ProjectConfigurationPlatforms) = postSolution
		{9352483C-DE3A-45E3-9A0E-56DAF3DB262E}.Debug|Any CPU.ActiveCfg = Debug|Any CPU
		{9352483C-DE3A-45E3-9A0E-56DAF3DB262E}.Debug|Any CPU.Build.0 = Debug|Any CPU
		{9352483C-DE3A-45E3-9A0E-56DAF3DB262E}.Release|Any CPU.ActiveCfg = Release|Any CPU
		{9352483C-DE3A-45E3-9A0E-56DAF3DB262E}.Release|Any CPU.Build.0 = Release|Any CPU
	EndGlobalSection
	GlobalSection(SolutionProperties) = preSolution
		HideSolutionNode = FALSE
	EndGlobalSection
	GlobalSection(ExtensibilityGlobals) = postSolution
		SolutionGuid = {A851B7EA-EC3C-4F4D-A800-412868AE7F41}
	EndGlobalSection
EndGlobal
