
Microsoft Visual Studio Solution File, Format Version 12.00
# Visual Studio Version 16
VisualStudioVersion = 16.0.30413.136
MinimumVisualStudioVersion = 10.0.40219.1
Project("{FAE04EC0-301F-11D3-BF4B-00C04F79EFBC}") = "ConcurrentStackPop", "ConcurrentStackPop\ConcurrentStackPop.csproj", "{91A7398F-0DB9-47E2-92E2-77CE31478EE8}"
EndProject
Global
	GlobalSection(SolutionConfigurationPlatforms) = preSolution
		Debug|Any CPU = Debug|Any CPU
		Release|Any CPU = Release|Any CPU
	EndGlobalSection
	GlobalSection(ProjectConfigurationPlatforms) = postSolution
		{91A7398F-0DB9-47E2-92E2-77CE31478EE8}.Debug|Any CPU.ActiveCfg = Debug|Any CPU
		{91A7398F-0DB9-47E2-92E2-77CE31478EE8}.Debug|Any CPU.Build.0 = Debug|Any CPU
		{91A7398F-0DB9-47E2-92E2-77CE31478EE8}.Release|Any CPU.ActiveCfg = Release|Any CPU
		{91A7398F-0DB9-47E2-92E2-77CE31478EE8}.Release|Any CPU.Build.0 = Release|Any CPU
	EndGlobalSection
	GlobalSection(SolutionProperties) = preSolution
		HideSolutionNode = FALSE
	EndGlobalSection
	GlobalSection(ExtensibilityGlobals) = postSolution
		SolutionGuid = {ABF8BC27-CFC7-4C39-A810-81690C392256}
	EndGlobalSection
EndGlobal
