
Microsoft Visual Studio Solution File, Format Version 12.00
# Visual Studio Version 16
VisualStudioVersion = 16.0.30413.136
MinimumVisualStudioVersion = 10.0.40219.1
Project("{FAE04EC0-301F-11D3-BF4B-00C04F79EFBC}") = "ConcurrentBagWorkStealling", "ConcurrentBagWorkStealling\ConcurrentBagWorkStealling.csproj", "{3E52CC0D-A405-4F09-9945-55B99B86B06A}"
EndProject
Global
	GlobalSection(SolutionConfigurationPlatforms) = preSolution
		Debug|Any CPU = Debug|Any CPU
		Release|Any CPU = Release|Any CPU
	EndGlobalSection
	GlobalSection(ProjectConfigurationPlatforms) = postSolution
		{3E52CC0D-A405-4F09-9945-55B99B86B06A}.Debug|Any CPU.ActiveCfg = Debug|Any CPU
		{3E52CC0D-A405-4F09-9945-55B99B86B06A}.Debug|Any CPU.Build.0 = Debug|Any CPU
		{3E52CC0D-A405-4F09-9945-55B99B86B06A}.Release|Any CPU.ActiveCfg = Release|Any CPU
		{3E52CC0D-A405-4F09-9945-55B99B86B06A}.Release|Any CPU.Build.0 = Release|Any CPU
	EndGlobalSection
	GlobalSection(SolutionProperties) = preSolution
		HideSolutionNode = FALSE
	EndGlobalSection
	GlobalSection(ExtensibilityGlobals) = postSolution
		SolutionGuid = {E0026EE9-9306-44F1-BF1B-6808452AF82E}
	EndGlobalSection
EndGlobal
