
Microsoft Visual Studio Solution File, Format Version 12.00
# Visual Studio Version 16
VisualStudioVersion = 16.0.30413.136
MinimumVisualStudioVersion = 10.0.40219.1
Project("{FAE04EC0-301F-11D3-BF4B-00C04F79EFBC}") = "TableCreation", "TableCreation\TableCreation.csproj", "{BAADF48B-1EA9-4F26-8DAA-104DD5551BDF}"
EndProject
Global
	GlobalSection(SolutionConfigurationPlatforms) = preSolution
		Debug|Any CPU = Debug|Any CPU
		Release|Any CPU = Release|Any CPU
	EndGlobalSection
	GlobalSection(ProjectConfigurationPlatforms) = postSolution
		{BAADF48B-1EA9-4F26-8DAA-104DD5551BDF}.Debug|Any CPU.ActiveCfg = Debug|Any CPU
		{BAADF48B-1EA9-4F26-8DAA-104DD5551BDF}.Debug|Any CPU.Build.0 = Debug|Any CPU
		{BAADF48B-1EA9-4F26-8DAA-104DD5551BDF}.Release|Any CPU.ActiveCfg = Release|Any CPU
		{BAADF48B-1EA9-4F26-8DAA-104DD5551BDF}.Release|Any CPU.Build.0 = Release|Any CPU
	EndGlobalSection
	GlobalSection(SolutionProperties) = preSolution
		HideSolutionNode = FALSE
	EndGlobalSection
	GlobalSection(ExtensibilityGlobals) = postSolution
		SolutionGuid = {7FF94A9C-671A-46CC-9440-FBA78F9F8B6D}
	EndGlobalSection
EndGlobal
