
Microsoft Visual Studio Solution File, Format Version 12.00
# Visual Studio Version 16
VisualStudioVersion = 16.0.30413.136
MinimumVisualStudioVersion = 10.0.40219.1
Project("{FAE04EC0-301F-11D3-BF4B-00C04F79EFBC}") = "SerializeAndDeserialize", "SerializeAndDeserialize\SerializeAndDeserialize.csproj", "{DE60573E-62E5-46A6-970D-7CC62A016D07}"
EndProject
Global
	GlobalSection(SolutionConfigurationPlatforms) = preSolution
		Debug|Any CPU = Debug|Any CPU
		Release|Any CPU = Release|Any CPU
	EndGlobalSection
	GlobalSection(ProjectConfigurationPlatforms) = postSolution
		{DE60573E-62E5-46A6-970D-7CC62A016D07}.Debug|Any CPU.ActiveCfg = Debug|Any CPU
		{DE60573E-62E5-46A6-970D-7CC62A016D07}.Debug|Any CPU.Build.0 = Debug|Any CPU
		{DE60573E-62E5-46A6-970D-7CC62A016D07}.Release|Any CPU.ActiveCfg = Release|Any CPU
		{DE60573E-62E5-46A6-970D-7CC62A016D07}.Release|Any CPU.Build.0 = Release|Any CPU
	EndGlobalSection
	GlobalSection(SolutionProperties) = preSolution
		HideSolutionNode = FALSE
	EndGlobalSection
	GlobalSection(ExtensibilityGlobals) = postSolution
		SolutionGuid = {6239EA5C-4AFC-4A5C-9D01-7B7747181C37}
	EndGlobalSection
EndGlobal
