
Microsoft Visual Studio Solution File, Format Version 12.00
# Visual Studio Version 16
VisualStudioVersion = 16.0.30413.136
MinimumVisualStudioVersion = 10.0.40219.1
Project("{FAE04EC0-301F-11D3-BF4B-00C04F79EFBC}") = "HashSetExceptWith", "HashSetExceptWith\HashSetExceptWith.csproj", "{3C800FB4-22EE-4C37-8677-4A395A216BA9}"
EndProject
Global
	GlobalSection(SolutionConfigurationPlatforms) = preSolution
		Debug|Any CPU = Debug|Any CPU
		Release|Any CPU = Release|Any CPU
	EndGlobalSection
	GlobalSection(ProjectConfigurationPlatforms) = postSolution
		{3C800FB4-22EE-4C37-8677-4A395A216BA9}.Debug|Any CPU.ActiveCfg = Debug|Any CPU
		{3C800FB4-22EE-4C37-8677-4A395A216BA9}.Debug|Any CPU.Build.0 = Debug|Any CPU
		{3C800FB4-22EE-4C37-8677-4A395A216BA9}.Release|Any CPU.ActiveCfg = Release|Any CPU
		{3C800FB4-22EE-4C37-8677-4A395A216BA9}.Release|Any CPU.Build.0 = Release|Any CPU
	EndGlobalSection
	GlobalSection(SolutionProperties) = preSolution
		HideSolutionNode = FALSE
	EndGlobalSection
	GlobalSection(ExtensibilityGlobals) = postSolution
		SolutionGuid = {B505CC8D-E16F-40DE-BF42-BC517B846591}
	EndGlobalSection
EndGlobal
