
Microsoft Visual Studio Solution File, Format Version 12.00
# Visual Studio Version 16
VisualStudioVersion = 16.0.30413.136
MinimumVisualStudioVersion = 10.0.40219.1
Project("{FAE04EC0-301F-11D3-BF4B-00C04F79EFBC}") = "RXDOTNETPROGRAM4", "RXDOTNETPROGRAM4\RXDOTNETPROGRAM4.csproj", "{C632B4EC-ADEA-4F2C-830B-E8866E360C52}"
EndProject
Global
	GlobalSection(SolutionConfigurationPlatforms) = preSolution
		Debug|Any CPU = Debug|Any CPU
		Release|Any CPU = Release|Any CPU
	EndGlobalSection
	GlobalSection(ProjectConfigurationPlatforms) = postSolution
		{C632B4EC-ADEA-4F2C-830B-E8866E360C52}.Debug|Any CPU.ActiveCfg = Debug|Any CPU
		{C632B4EC-ADEA-4F2C-830B-E8866E360C52}.Debug|Any CPU.Build.0 = Debug|Any CPU
		{C632B4EC-ADEA-4F2C-830B-E8866E360C52}.Release|Any CPU.ActiveCfg = Release|Any CPU
		{C632B4EC-ADEA-4F2C-830B-E8866E360C52}.Release|Any CPU.Build.0 = Release|Any CPU
	EndGlobalSection
	GlobalSection(SolutionProperties) = preSolution
		HideSolutionNode = FALSE
	EndGlobalSection
	GlobalSection(ExtensibilityGlobals) = postSolution
		SolutionGuid = {25AB49F1-AFDD-4648-9CA2-E97AAF2E0833}
	EndGlobalSection
EndGlobal
