
Microsoft Visual Studio Solution File, Format Version 12.00
# Visual Studio Version 16
VisualStudioVersion = 16.0.30413.136
MinimumVisualStudioVersion = 10.0.40219.1
Project("{FAE04EC0-301F-11D3-BF4B-00C04F79EFBC}") = "ConcurrentDictionaryTryRemove", "ConcurrentDictionaryTryRemove\ConcurrentDictionaryTryRemove.csproj", "{307575A4-D7CA-4AD0-ABF5-1F7826D0D8BD}"
EndProject
Global
	GlobalSection(SolutionConfigurationPlatforms) = preSolution
		Debug|Any CPU = Debug|Any CPU
		Release|Any CPU = Release|Any CPU
	EndGlobalSection
	GlobalSection(ProjectConfigurationPlatforms) = postSolution
		{307575A4-D7CA-4AD0-ABF5-1F7826D0D8BD}.Debug|Any CPU.ActiveCfg = Debug|Any CPU
		{307575A4-D7CA-4AD0-ABF5-1F7826D0D8BD}.Debug|Any CPU.Build.0 = Debug|Any CPU
		{307575A4-D7CA-4AD0-ABF5-1F7826D0D8BD}.Release|Any CPU.ActiveCfg = Release|Any CPU
		{307575A4-D7CA-4AD0-ABF5-1F7826D0D8BD}.Release|Any CPU.Build.0 = Release|Any CPU
	EndGlobalSection
	GlobalSection(SolutionProperties) = preSolution
		HideSolutionNode = FALSE
	EndGlobalSection
	GlobalSection(ExtensibilityGlobals) = postSolution
		SolutionGuid = {9A46411B-6A11-4770-AC7A-281817ACCCCE}
	EndGlobalSection
EndGlobal
