
Microsoft Visual Studio Solution File, Format Version 12.00
# Visual Studio Version 16
VisualStudioVersion = 16.0.30413.136
MinimumVisualStudioVersion = 10.0.40219.1
Project("{FAE04EC0-301F-11D3-BF4B-00C04F79EFBC}") = "LINQSumMethod", "LINQSumMethod\LINQSumMethod.csproj", "{3FA1C719-4098-4F88-A864-D8AD1110AB13}"
EndProject
Global
	GlobalSection(SolutionConfigurationPlatforms) = preSolution
		Debug|Any CPU = Debug|Any CPU
		Release|Any CPU = Release|Any CPU
	EndGlobalSection
	GlobalSection(ProjectConfigurationPlatforms) = postSolution
		{3FA1C719-4098-4F88-A864-D8AD1110AB13}.Debug|Any CPU.ActiveCfg = Debug|Any CPU
		{3FA1C719-4098-4F88-A864-D8AD1110AB13}.Debug|Any CPU.Build.0 = Debug|Any CPU
		{3FA1C719-4098-4F88-A864-D8AD1110AB13}.Release|Any CPU.ActiveCfg = Release|Any CPU
		{3FA1C719-4098-4F88-A864-D8AD1110AB13}.Release|Any CPU.Build.0 = Release|Any CPU
	EndGlobalSection
	GlobalSection(SolutionProperties) = preSolution
		HideSolutionNode = FALSE
	EndGlobalSection
	GlobalSection(ExtensibilityGlobals) = postSolution
		SolutionGuid = {B5091E9A-40FB-4146-B0F9-3ACF42FE3B3C}
	EndGlobalSection
EndGlobal
