
Microsoft Visual Studio Solution File, Format Version 12.00
# Visual Studio Version 16
VisualStudioVersion = 16.0.30413.136
MinimumVisualStudioVersion = 10.0.40219.1
Project("{FAE04EC0-301F-11D3-BF4B-00C04F79EFBC}") = "ConcurrentQueueTryPeek", "ConcurrentQueueTryPeek\ConcurrentQueueTryPeek.csproj", "{17427B50-67C4-49D8-BC83-1D38B74BD28E}"
EndProject
Global
	GlobalSection(SolutionConfigurationPlatforms) = preSolution
		Debug|Any CPU = Debug|Any CPU
		Release|Any CPU = Release|Any CPU
	EndGlobalSection
	GlobalSection(ProjectConfigurationPlatforms) = postSolution
		{17427B50-67C4-49D8-BC83-1D38B74BD28E}.Debug|Any CPU.ActiveCfg = Debug|Any CPU
		{17427B50-67C4-49D8-BC83-1D38B74BD28E}.Debug|Any CPU.Build.0 = Debug|Any CPU
		{17427B50-67C4-49D8-BC83-1D38B74BD28E}.Release|Any CPU.ActiveCfg = Release|Any CPU
		{17427B50-67C4-49D8-BC83-1D38B74BD28E}.Release|Any CPU.Build.0 = Release|Any CPU
	EndGlobalSection
	GlobalSection(SolutionProperties) = preSolution
		HideSolutionNode = FALSE
	EndGlobalSection
	GlobalSection(ExtensibilityGlobals) = postSolution
		SolutionGuid = {D637E909-313C-4926-8B27-D915E5CD7764}
	EndGlobalSection
EndGlobal
