
Microsoft Visual Studio Solution File, Format Version 12.00
# Visual Studio Version 16
VisualStudioVersion = 16.0.30413.136
MinimumVisualStudioVersion = 10.0.40219.1
Project("{FAE04EC0-301F-11D3-BF4B-00C04F79EFBC}") = "BlockingCollection", "BlockingCollection\BlockingCollection.csproj", "{09CC3AA4-AA95-42E9-93BF-8E787C159449}"
EndProject
Global
	GlobalSection(SolutionConfigurationPlatforms) = preSolution
		Debug|Any CPU = Debug|Any CPU
		Release|Any CPU = Release|Any CPU
	EndGlobalSection
	GlobalSection(ProjectConfigurationPlatforms) = postSolution
		{09CC3AA4-AA95-42E9-93BF-8E787C159449}.Debug|Any CPU.ActiveCfg = Debug|Any CPU
		{09CC3AA4-AA95-42E9-93BF-8E787C159449}.Debug|Any CPU.Build.0 = Debug|Any CPU
		{09CC3AA4-AA95-42E9-93BF-8E787C159449}.Release|Any CPU.ActiveCfg = Release|Any CPU
		{09CC3AA4-AA95-42E9-93BF-8E787C159449}.Release|Any CPU.Build.0 = Release|Any CPU
	EndGlobalSection
	GlobalSection(SolutionProperties) = preSolution
		HideSolutionNode = FALSE
	EndGlobalSection
	GlobalSection(ExtensibilityGlobals) = postSolution
		SolutionGuid = {67E4BEDC-3F10-4584-8FDA-625AF9675B12}
	EndGlobalSection
EndGlobal
