
Microsoft Visual Studio Solution File, Format Version 12.00
# Visual Studio Version 16
VisualStudioVersion = 16.0.30413.136
MinimumVisualStudioVersion = 10.0.40219.1
Project("{FAE04EC0-301F-11D3-BF4B-00C04F79EFBC}") = "ConcurrentQueueCopyFromOtherCollection", "ConcurrentQueueCopyFromOtherCollection\ConcurrentQueueCopyFromOtherCollection.csproj", "{E3AC13DC-FF09-408E-A8E2-BE524F7A76E9}"
EndProject
Global
	GlobalSection(SolutionConfigurationPlatforms) = preSolution
		Debug|Any CPU = Debug|Any CPU
		Release|Any CPU = Release|Any CPU
	EndGlobalSection
	GlobalSection(ProjectConfigurationPlatforms) = postSolution
		{E3AC13DC-FF09-408E-A8E2-BE524F7A76E9}.Debug|Any CPU.ActiveCfg = Debug|Any CPU
		{E3AC13DC-FF09-408E-A8E2-BE524F7A76E9}.Debug|Any CPU.Build.0 = Debug|Any CPU
		{E3AC13DC-FF09-408E-A8E2-BE524F7A76E9}.Release|Any CPU.ActiveCfg = Release|Any CPU
		{E3AC13DC-FF09-408E-A8E2-BE524F7A76E9}.Release|Any CPU.Build.0 = Release|Any CPU
	EndGlobalSection
	GlobalSection(SolutionProperties) = preSolution
		HideSolutionNode = FALSE
	EndGlobalSection
	GlobalSection(ExtensibilityGlobals) = postSolution
		SolutionGuid = {B07F56A5-CA7D-4A67-8C9C-DFE2F7D3FAA8}
	EndGlobalSection
EndGlobal
