
Microsoft Visual Studio Solution File, Format Version 12.00
# Visual Studio Version 16
VisualStudioVersion = 16.0.30413.136
MinimumVisualStudioVersion = 10.0.40219.1
Project("{FAE04EC0-301F-11D3-BF4B-00C04F79EFBC}") = "LINQSkipOperator", "LINQSkipOperator\LINQSkipOperator.csproj", "{79F1149A-9190-4777-A16F-34366CEEA9CD}"
EndProject
Global
	GlobalSection(SolutionConfigurationPlatforms) = preSolution
		Debug|Any CPU = Debug|Any CPU
		Release|Any CPU = Release|Any CPU
	EndGlobalSection
	GlobalSection(ProjectConfigurationPlatforms) = postSolution
		{79F1149A-9190-4777-A16F-34366CEEA9CD}.Debug|Any CPU.ActiveCfg = Debug|Any CPU
		{79F1149A-9190-4777-A16F-34366CEEA9CD}.Debug|Any CPU.Build.0 = Debug|Any CPU
		{79F1149A-9190-4777-A16F-34366CEEA9CD}.Release|Any CPU.ActiveCfg = Release|Any CPU
		{79F1149A-9190-4777-A16F-34366CEEA9CD}.Release|Any CPU.Build.0 = Release|Any CPU
	EndGlobalSection
	GlobalSection(SolutionProperties) = preSolution
		HideSolutionNode = FALSE
	EndGlobalSection
	GlobalSection(ExtensibilityGlobals) = postSolution
		SolutionGuid = {89319201-48F0-4736-9244-0A3FE398720F}
	EndGlobalSection
EndGlobal
