
Microsoft Visual Studio Solution File, Format Version 12.00
# Visual Studio Version 16
VisualStudioVersion = 16.0.30413.136
MinimumVisualStudioVersion = 10.0.40219.1
Project("{FAE04EC0-301F-11D3-BF4B-00C04F79EFBC}") = "LINQQueryIEnumerableInterface", "LINQQueryIEnumerableInterface\LINQQueryIEnumerableInterface.csproj", "{358D583B-E61A-4128-8D5C-21EFF0A10C2B}"
EndProject
Global
	GlobalSection(SolutionConfigurationPlatforms) = preSolution
		Debug|Any CPU = Debug|Any CPU
		Release|Any CPU = Release|Any CPU
	EndGlobalSection
	GlobalSection(ProjectConfigurationPlatforms) = postSolution
		{358D583B-E61A-4128-8D5C-21EFF0A10C2B}.Debug|Any CPU.ActiveCfg = Debug|Any CPU
		{358D583B-E61A-4128-8D5C-21EFF0A10C2B}.Debug|Any CPU.Build.0 = Debug|Any CPU
		{358D583B-E61A-4128-8D5C-21EFF0A10C2B}.Release|Any CPU.ActiveCfg = Release|Any CPU
		{358D583B-E61A-4128-8D5C-21EFF0A10C2B}.Release|Any CPU.Build.0 = Release|Any CPU
	EndGlobalSection
	GlobalSection(SolutionProperties) = preSolution
		HideSolutionNode = FALSE
	EndGlobalSection
	GlobalSection(ExtensibilityGlobals) = postSolution
		SolutionGuid = {D33CE4A4-9499-4DF0-8150-C906C5E011F1}
	EndGlobalSection
EndGlobal
