
Microsoft Visual Studio Solution File, Format Version 12.00
# Visual Studio Version 16
VisualStudioVersion = 16.0.30413.136
MinimumVisualStudioVersion = 10.0.40219.1
Project("{FAE04EC0-301F-11D3-BF4B-00C04F79EFBC}") = "ADOConnection", "ADOConnection\ADOConnection.csproj", "{B49F7980-D185-42D3-B42C-437E7D12C195}"
EndProject
Global
	GlobalSection(SolutionConfigurationPlatforms) = preSolution
		Debug|Any CPU = Debug|Any CPU
		Release|Any CPU = Release|Any CPU
	EndGlobalSection
	GlobalSection(ProjectConfigurationPlatforms) = postSolution
		{B49F7980-D185-42D3-B42C-437E7D12C195}.Debug|Any CPU.ActiveCfg = Debug|Any CPU
		{B49F7980-D185-42D3-B42C-437E7D12C195}.Debug|Any CPU.Build.0 = Debug|Any CPU
		{B49F7980-D185-42D3-B42C-437E7D12C195}.Release|Any CPU.ActiveCfg = Release|Any CPU
		{B49F7980-D185-42D3-B42C-437E7D12C195}.Release|Any CPU.Build.0 = Release|Any CPU
	EndGlobalSection
	GlobalSection(SolutionProperties) = preSolution
		HideSolutionNode = FALSE
	EndGlobalSection
	GlobalSection(ExtensibilityGlobals) = postSolution
		SolutionGuid = {C2B9FD3A-9963-4C3D-93C4-913A5805BA8C}
	EndGlobalSection
EndGlobal
