
Microsoft Visual Studio Solution File, Format Version 12.00
# Visual Studio Version 16
VisualStudioVersion = 16.0.30413.136
MinimumVisualStudioVersion = 10.0.40219.1
Project("{9A19103F-16F7-4668-BE54-9A1E7A4F7556}") = "WebApplication1", "WebApplication1\WebApplication1.csproj", "{23403B16-02B8-4387-966F-FF023DF026D0}"
EndProject
Global
	GlobalSection(SolutionConfigurationPlatforms) = preSolution
		Debug|Any CPU = Debug|Any CPU
		Release|Any CPU = Release|Any CPU
	EndGlobalSection
	GlobalSection(ProjectConfigurationPlatforms) = postSolution
		{23403B16-02B8-4387-966F-FF023DF026D0}.Debug|Any CPU.ActiveCfg = Debug|Any CPU
		{23403B16-02B8-4387-966F-FF023DF026D0}.Debug|Any CPU.Build.0 = Debug|Any CPU
		{23403B16-02B8-4387-966F-FF023DF026D0}.Release|Any CPU.ActiveCfg = Release|Any CPU
		{23403B16-02B8-4387-966F-FF023DF026D0}.Release|Any CPU.Build.0 = Release|Any CPU
	EndGlobalSection
	GlobalSection(SolutionProperties) = preSolution
		HideSolutionNode = FALSE
	EndGlobalSection
	GlobalSection(ExtensibilityGlobals) = postSolution
		SolutionGuid = {A868F823-82F7-4DCE-A874-DFD06846386E}
	EndGlobalSection
EndGlobal
